Microsoft Visual Studio Solution File, Format Version 11.00
# Visual Studio 2008

Project("{2E5F62B3-F046-26F4-CF85-FBB8B29FDA6E}") = "HSVColorModifier", "Assembly-CSharp.csproj", "{E85C35DE-E276-0876-A92A-4AA5A6411A5E}"
EndProject
Global
	GlobalSection(SolutionConfigurationPlatforms) = preSolution
		Debug|Any CPU = Debug|Any CPU
		Release|Any CPU = Release|Any CPU
	EndGlobalSection
	GlobalSection(ProjectConfigurationPlatforms) = postSolution
		{E85C35DE-E276-0876-A92A-4AA5A6411A5E}.Debug|Any CPU.ActiveCfg = Debug|Any CPU
		{E85C35DE-E276-0876-A92A-4AA5A6411A5E}.Debug|Any CPU.Build.0 = Debug|Any CPU
		{E85C35DE-E276-0876-A92A-4AA5A6411A5E}.Release|Any CPU.ActiveCfg = Release|Any CPU
		{E85C35DE-E276-0876-A92A-4AA5A6411A5E}.Release|Any CPU.Build.0 = Release|Any CPU
	EndGlobalSection
	GlobalSection(SolutionProperties) = preSolution
		HideSolutionNode = FALSE
	EndGlobalSection
	GlobalSection(MonoDevelopProperties) = preSolution
		StartupItem = Assembly-CSharp.csproj
	EndGlobalSection
EndGlobal
